
Microsoft Visual Studio Solution File, Format Version 12.00
# Visual Studio 15
VisualStudioVersion = 15.0.27428.2005
MinimumVisualStudioVersion = 10.0.40219.1
Project("{FAE04EC0-301F-11D3-BF4B-00C04F79EFBC}") = "PlayYourWay", "PlayYourWay\PlayYourWay.csproj", "{F2C9D1E3-01CF-49DC-9B6F-7838B6387A4F}"
EndProject
Project("{2150E333-8FDC-42A3-9474-1A3956D46DE8}") = "Solution Items", "Solution Items", "{360BBBBB-4E02-40BE-B0E3-79A64A12C3E3}"
	ProjectSection(SolutionItems) = preProject
		buildRelease.bat = buildRelease.bat
		Changelog.txt = Changelog.txt
		deploy.bat = deploy.bat
		jenkins.txt = jenkins.txt
		License.md = License.md
		PlayYourWay.version = PlayYourWay.version
		README.md = README.md
	EndProjectSection
EndProject
Global
	GlobalSection(SolutionConfigurationPlatforms) = preSolution
		Debug|Any CPU = Debug|Any CPU
		Release|Any CPU = Release|Any CPU
	EndGlobalSection
	GlobalSection(ProjectConfigurationPlatforms) = postSolution
		{F2C9D1E3-01CF-49DC-9B6F-7838B6387A4F}.Debug|Any CPU.ActiveCfg = Debug|Any CPU
		{F2C9D1E3-01CF-49DC-9B6F-7838B6387A4F}.Debug|Any CPU.Build.0 = Debug|Any CPU
		{F2C9D1E3-01CF-49DC-9B6F-7838B6387A4F}.Release|Any CPU.ActiveCfg = Release|Any CPU
		{F2C9D1E3-01CF-49DC-9B6F-7838B6387A4F}.Release|Any CPU.Build.0 = Release|Any CPU
	EndGlobalSection
	GlobalSection(SolutionProperties) = preSolution
		HideSolutionNode = FALSE
	EndGlobalSection
	GlobalSection(ExtensibilityGlobals) = postSolution
		SolutionGuid = {6A53203C-C699-498A-AF8A-DE2E5DF67596}
	EndGlobalSection
EndGlobal
